{
  "name": "Cloudflare",
  "lockfileVersion": 3,
  "requires": true,
  "packages": {
    "": {
      "dependencies": {
        "js-toml": "^1.1.2"
      }
    },
    "node_modules/@babel/runtime-corejs3": {
      "version": "7.29.7",
      "resolved": "https://registry.npmjs.org/@babel/runtime-corejs3/-/runtime-corejs3-7.29.7.tgz",
      "integrity": "sha512-ppj9ouYku+RX0ljtgZd+KMO5mkM2bCqg8H2PYAFWnLsHEIKIdRojqbJ2i3eVHrisuxy7nOFCmngTDdWtUCdXUQ==",
      "license": "MIT",
      "dependencies": {
        "core-js-pure": "^3.48.0"
      },
      "engines": {
        "node": ">=6.9.0"
      }
    },
    "node_modules/@chevrotain/cst-dts-gen": {
      "version": "12.0.0",
      "resolved": "https://registry.npmjs.org/@chevrotain/cst-dts-gen/-/cst-dts-gen-12.0.0.tgz",
      "integrity": "sha512-fSL4KXjTl7cDgf0B5Rip9Q05BOrYvkJV/RrBTE/bKDN096E4hN/ySpcBK5B24T76dlQ2i32Zc3PAE27jFnFrKg==",
      "license": "Apache-2.0",
      "dependencies": {
        "@chevrotain/gast": "12.0.0",
        "@chevrotain/types": "12.0.0"
      }
    },
    "node_modules/@chevrotain/gast": {
      "version": "12.0.0",
      "resolved": "https://registry.npmjs.org/@chevrotain/gast/-/gast-12.0.0.tgz",
      "integrity": "sha512-1ne/m3XsIT8aEdrvT33so0GUC+wkctpUPK6zU9IlOyJLUbR0rg4G7ZiApiJbggpgPir9ERy3FRjT6T7lpgetnQ==",
      "license": "Apache-2.0",
      "dependencies": {
        "@chevrotain/types": "12.0.0"
      }
    },
    "node_modules/@chevrotain/regexp-to-ast": {
      "version": "12.0.0",
      "resolved": "https://registry.npmjs.org/@chevrotain/regexp-to-ast/-/regexp-to-ast-12.0.0.tgz",
      "integrity": "sha512-p+EW9MaJwgaHguhoqwOtx/FwuGr+DnNn857sXWOi/mClXIkPGl3rn7hGNWvo31HA3vyeQxjqe+H36yZJwYU8cA==",
      "license": "Apache-2.0"
    },
    "node_modules/@chevrotain/types": {
      "version": "12.0.0",
      "resolved": "https://registry.npmjs.org/@chevrotain/types/-/types-12.0.0.tgz",
      "integrity": "sha512-S+04vjFQKeuYw0/eW3U52LkAHQsB1ASxsPGsLPUyQgrZ2iNNibQrsidruDzjEX2JYfespXMG0eZmXlhA6z7nWA==",
      "license": "Apache-2.0"
    },
    "node_modules/@chevrotain/utils": {
      "version": "12.0.0",
      "resolved": "https://registry.npmjs.org/@chevrotain/utils/-/utils-12.0.0.tgz",
      "integrity": "sha512-lB59uJoaGIfOOL9knQqQRfhl9g7x8/wqFkp13zTdkRu1huG9kg6IJs1O8hqj9rs6h7orGxHJUKb+mX3rPbWGhA==",
      "license": "Apache-2.0"
    },
    "node_modules/chevrotain": {
      "version": "12.0.0",
      "resolved": "https://registry.npmjs.org/chevrotain/-/chevrotain-12.0.0.tgz",
      "integrity": "sha512-csJvb+6kEiQaqo1woTdSAuOWdN0WTLIydkKrBnS+V5gZz0oqBrp4kQ35519QgK6TpBThiG3V1vNSHlIkv4AglQ==",
      "license": "Apache-2.0",
      "dependencies": {
        "@chevrotain/cst-dts-gen": "12.0.0",
        "@chevrotain/gast": "12.0.0",
        "@chevrotain/regexp-to-ast": "12.0.0",
        "@chevrotain/types": "12.0.0",
        "@chevrotain/utils": "12.0.0"
      },
      "engines": {
        "node": ">=22.0.0"
      }
    },
    "node_modules/core-js-pure": {
      "version": "3.49.0",
      "resolved": "https://registry.npmjs.org/core-js-pure/-/core-js-pure-3.49.0.tgz",
      "integrity": "sha512-XM4RFka59xATyJv/cS3O3Kml72hQXUeGRuuTmMYFxwzc9/7C8OYTaIR/Ji+Yt8DXzsFLNhat15cE/JP15HrCgw==",
      "hasInstallScript": true,
      "license": "MIT",
      "funding": {
        "type": "opencollective",
        "url": "https://opencollective.com/core-js"
      }
    },
    "node_modules/js-toml": {
      "version": "1.1.2",
      "resolved": "https://registry.npmjs.org/js-toml/-/js-toml-1.1.2.tgz",
      "integrity": "sha512-noryT8sUWOuqWKfU5mNWZXBp5PUS9rkz6w3/EQcptJZBTVhgBD8j5/u6x+HWrWxoNn9hUYmuy8GYyT4NdvOHRg==",
      "license": "MIT",
      "dependencies": {
        "chevrotain": "^12.0.0",
        "xregexp": "^5.1.2"
      }
    },
    "node_modules/xregexp": {
      "version": "5.1.2",
      "resolved": "https://registry.npmjs.org/xregexp/-/xregexp-5.1.2.tgz",
      "integrity": "sha512-6hGgEMCGhqCTFEJbqmWrNIPqfpdirdGWkqshu7fFZddmTSfgv5Sn9D2SaKloR79s5VUiUlpwzg3CM3G6D3VIlw==",
      "license": "MIT",
      "dependencies": {
        "@babel/runtime-corejs3": "^7.26.9"
      }
    }
  }
}
